{
  "name": "longtable-monorepo",
  "version": "0.1.9",
  "lockfileVersion": 3,
  "requires": true,
  "packages": {
    "": {
      "name": "longtable-monorepo",
      "version": "0.1.9",
      "workspaces": [
        "packages/*"
      ],
      "engines": {
        "node": ">=18.0.0"
      }
    },
    "node_modules/@longtable/checkpoints": {
      "resolved": "packages/longtable-checkpoints",
      "link": true
    },
    "node_modules/@longtable/cli": {
      "resolved": "packages/longtable",
      "link": true
    },
    "node_modules/@longtable/core": {
      "resolved": "packages/longtable-core",
      "link": true
    },
    "node_modules/@longtable/memory": {
      "resolved": "packages/longtable-memory",
      "link": true
    },
    "node_modules/@longtable/provider-claude": {
      "resolved": "packages/longtable-provider-claude",
      "link": true
    },
    "node_modules/@longtable/provider-codex": {
      "resolved": "packages/longtable-provider-codex",
      "link": true
    },
    "node_modules/@longtable/setup": {
      "resolved": "packages/longtable-setup",
      "link": true
    },
    "node_modules/@types/node": {
      "version": "22.19.17",
      "dev": true,
      "license": "MIT",
      "dependencies": {
        "undici-types": "~6.21.0"
      }
    },
    "node_modules/typescript": {
      "version": "5.9.3",
      "dev": true,
      "license": "Apache-2.0",
      "bin": {
        "tsc": "bin/tsc",
        "tsserver": "bin/tsserver"
      },
      "engines": {
        "node": ">=14.17"
      }
    },
    "node_modules/undici-types": {
      "version": "6.21.0",
      "dev": true,
      "license": "MIT"
    },
    "packages/longtable": {
      "name": "@longtable/cli",
      "version": "0.1.9",
      "license": "MIT",
      "dependencies": {
        "@longtable/memory": "0.1.9",
        "@longtable/provider-codex": "0.1.9",
        "@longtable/setup": "0.1.9"
      },
      "bin": {
        "longtable": "bin/longtable"
      },
      "devDependencies": {
        "@types/node": "^22.10.1",
        "typescript": "^5.6.0"
      },
      "engines": {
        "node": ">=18.0.0"
      }
    },
    "packages/longtable-checkpoints": {
      "name": "@longtable/checkpoints",
      "version": "0.1.9",
      "license": "MIT",
      "dependencies": {
        "@longtable/core": "0.1.9"
      },
      "devDependencies": {
        "typescript": "^5.6.0"
      },
      "engines": {
        "node": ">=18.0.0"
      }
    },
    "packages/longtable-core": {
      "name": "@longtable/core",
      "version": "0.1.9",
      "license": "MIT",
      "devDependencies": {
        "typescript": "^5.6.0"
      },
      "engines": {
        "node": ">=18.0.0"
      }
    },
    "packages/longtable-memory": {
      "name": "@longtable/memory",
      "version": "0.1.9",
      "license": "MIT",
      "dependencies": {
        "@longtable/core": "0.1.9"
      },
      "devDependencies": {
        "typescript": "^5.6.0"
      },
      "engines": {
        "node": ">=18.0.0"
      }
    },
    "packages/longtable-provider-claude": {
      "name": "@longtable/provider-claude",
      "version": "0.1.9",
      "license": "MIT",
      "dependencies": {
        "@longtable/checkpoints": "0.1.9",
        "@longtable/core": "0.1.9",
        "@longtable/setup": "0.1.9"
      },
      "devDependencies": {
        "typescript": "^5.6.0"
      },
      "engines": {
        "node": ">=18.0.0"
      }
    },
    "packages/longtable-provider-codex": {
      "name": "@longtable/provider-codex",
      "version": "0.1.9",
      "license": "MIT",
      "dependencies": {
        "@longtable/checkpoints": "0.1.9",
        "@longtable/core": "0.1.9",
        "@longtable/setup": "0.1.9"
      },
      "devDependencies": {
        "@types/node": "^22.10.1",
        "typescript": "^5.6.0"
      },
      "engines": {
        "node": ">=18.0.0"
      }
    },
    "packages/longtable-setup": {
      "name": "@longtable/setup",
      "version": "0.1.9",
      "license": "MIT",
      "dependencies": {
        "@longtable/core": "0.1.9",
        "@longtable/memory": "0.1.9"
      },
      "devDependencies": {
        "@types/node": "^22.0.0",
        "typescript": "^5.6.0"
      },
      "engines": {
        "node": ">=18.0.0"
      }
    }
  }
}
